
Microsoft Visual Studio Solution File, Format Version 12.00
# Visual Studio Version 16
VisualStudioVersion = 16.0.31005.135
MinimumVisualStudioVersion = 10.0.40219.1
Project("{FAE04EC0-301F-11D3-BF4B-00C04F79EFBC}") = "task4", "task4\task4.csproj", "{EB161A91-F5FD-46B5-9CF0-22AC1465D6AA}"
EndProject
Global
	GlobalSection(SolutionConfigurationPlatforms) = preSolution
		Debug|Any CPU = Debug|Any CPU
		Release|Any CPU = Release|Any CPU
	EndGlobalSection
	GlobalSection(ProjectConfigurationPlatforms) = postSolution
		{EB161A91-F5FD-46B5-9CF0-22AC1465D6AA}.Debug|Any CPU.ActiveCfg = Debug|Any CPU
		{EB161A91-F5FD-46B5-9CF0-22AC1465D6AA}.Debug|Any CPU.Build.0 = Debug|Any CPU
		{EB161A91-F5FD-46B5-9CF0-22AC1465D6AA}.Release|Any CPU.ActiveCfg = Release|Any CPU
		{EB161A91-F5FD-46B5-9CF0-22AC1465D6AA}.Release|Any CPU.Build.0 = Release|Any CPU
	EndGlobalSection
	GlobalSection(SolutionProperties) = preSolution
		HideSolutionNode = FALSE
	EndGlobalSection
	GlobalSection(ExtensibilityGlobals) = postSolution
		SolutionGuid = {F0C785EB-0628-42A5-8A64-5245A706C561}
	EndGlobalSection
EndGlobal
